
Microsoft Visual Studio Solution File, Format Version 12.00
# Visual Studio Version 17
VisualStudioVersion = 17.4.33213.308
MinimumVisualStudioVersion = 10.0.40219.1
Project("{9A19103F-16F7-4668-BE54-9A1E7A4F7556}") = "OnlineShopSystem", "OnlineShopSystem\OnlineShopSystem.csproj", "{4B60567D-A740-45A3-B40E-9D2B98890D96}"
EndProject
Project("{2150E333-8FDC-42A3-9474-1A3956D46DE8}") = "1 - Domain", "1 - Domain", "{43915C1C-D5CA-45EE-B933-D9FA0DA9DE79}"
EndProject
Project("{2150E333-8FDC-42A3-9474-1A3956D46DE8}") = "Domain.Configration", "Domain.Configration", "{3245A301-F316-4DE9-80DE-4C776361BCFB}"
EndProject
Project("{2150E333-8FDC-42A3-9474-1A3956D46DE8}") = "Domain.Entities", "Domain.Entities", "{D961050C-D85F-4701-A0EC-AC037EE20E0A}"
EndProject
Project("{9A19103F-16F7-4668-BE54-9A1E7A4F7556}") = "Domain.Configration", "1 - Domain\Domain.Configration\Domain.Configration.csproj", "{C3BE9AEA-1CFD-4BFF-A390-8B57C0EBDE85}"
EndProject
Project("{9A19103F-16F7-4668-BE54-9A1E7A4F7556}") = "Domain.Entities", "1 - Domain\Domain.Entities\Domain.Entities.csproj", "{090EF946-3463-49B9-BE39-A1A5FA68966E}"
EndProject
Project("{2150E333-8FDC-42A3-9474-1A3956D46DE8}") = "2 - Persistence", "2 - Persistence", "{11B8BBD5-1C35-4CFF-87B7-19BD669659D8}"
EndProject
Project("{2150E333-8FDC-42A3-9474-1A3956D46DE8}") = "Persistence.IRepository", "Persistence.IRepository", "{D61A5222-F854-4D80-9493-CC2D24C9F6FA}"
EndProject
Project("{2150E333-8FDC-42A3-9474-1A3956D46DE8}") = "Persistence.Repository", "Persistence.Repository", "{F281F3A0-9779-40FD-A537-CD1F2337E4A9}"
EndProject
Project("{2150E333-8FDC-42A3-9474-1A3956D46DE8}") = "3 - Service", "3 - Service", "{ADC0A4CA-F980-4053-B39A-E7F585724B63}"
EndProject
Project("{2150E333-8FDC-42A3-9474-1A3956D46DE8}") = "Service.Data", "Service.Data", "{72162A71-58ED-4086-9075-A8DE28207763}"
EndProject
Project("{2150E333-8FDC-42A3-9474-1A3956D46DE8}") = "Service.Interface", "Service.Interface", "{E6D463FA-DA59-4A39-9C01-329E4DA2F819}"
EndProject
Project("{2150E333-8FDC-42A3-9474-1A3956D46DE8}") = "4 - Infrastructure", "4 - Infrastructure", "{FDACF1BE-F240-4449-9CB4-1E68093B275D}"
EndProject
Project("{2150E333-8FDC-42A3-9474-1A3956D46DE8}") = "Infrastructure.Configration", "Infrastructure.Configration", "{36C8D314-F440-4A0A-B31B-C8310B891F87}"
EndProject
Project("{2150E333-8FDC-42A3-9474-1A3956D46DE8}") = "Infrastructure.Utilities", "Infrastructure.Utilities", "{7B487D82-FC92-43F5-A8A3-2DE57CCF8BD1}"
EndProject
Project("{2150E333-8FDC-42A3-9474-1A3956D46DE8}") = "Infrastructure.ViewModel", "Infrastructure.ViewModel", "{0C80936E-B0F4-43AB-B166-5FB6BA56455D}"
EndProject
Project("{9A19103F-16F7-4668-BE54-9A1E7A4F7556}") = "Persistence.IRepository", "2 - Persistence\Persistence.IRepository\Persistence.IRepository.csproj", "{AED394F5-AF1C-4FC4-8A59-71A3BE8FB67A}"
EndProject
Project("{9A19103F-16F7-4668-BE54-9A1E7A4F7556}") = "Persistence.Repository", "2 - Persistence\Persistence.Repository\Persistence.Repository.csproj", "{ADC077F9-638F-49CC-AB8D-4AA7D94B1664}"
EndProject
Project("{9A19103F-16F7-4668-BE54-9A1E7A4F7556}") = "Service.Data", "3 - Service\Service.Data\Service.Data.csproj", "{B4A2B18C-2ACE-4D76-BEDD-B8AA52198145}"
EndProject
Project("{9A19103F-16F7-4668-BE54-9A1E7A4F7556}") = "Service.Interface", "3 - Service\Service.Interface\Service.Interface.csproj", "{999658FD-D0B1-419E-B8FA-67761F4E2597}"
EndProject
Project("{9A19103F-16F7-4668-BE54-9A1E7A4F7556}") = "Infrastructure.Configration", "4 - Infrastructure\Infrastructure.Configration\Infrastructure.Configration.csproj", "{1FF0166F-83F3-496D-9508-4B134DCCE02E}"
EndProject
Project("{9A19103F-16F7-4668-BE54-9A1E7A4F7556}") = "Infrastructure.Utilities", "4 - Infrastructure\Infrastructure.Utilities\Infrastructure.Utilities.csproj", "{001E14C4-723E-4D18-BBC9-3EB8A598E524}"
EndProject
Project("{9A19103F-16F7-4668-BE54-9A1E7A4F7556}") = "Infrastructure.ViewModel", "4 - Infrastructure\Infrastructure.ViewModel\Infrastructure.ViewModel.csproj", "{946DFBFB-9D61-4FA7-B4F0-220CE04951C5}"
EndProject
Global
	GlobalSection(SolutionConfigurationPlatforms) = preSolution
		Debug|Any CPU = Debug|Any CPU
		Release|Any CPU = Release|Any CPU
	EndGlobalSection
	GlobalSection(ProjectConfigurationPlatforms) = postSolution
		{4B60567D-A740-45A3-B40E-9D2B98890D96}.Debug|Any CPU.ActiveCfg = Debug|Any CPU
		{4B60567D-A740-45A3-B40E-9D2B98890D96}.Debug|Any CPU.Build.0 = Debug|Any CPU
		{4B60567D-A740-45A3-B40E-9D2B98890D96}.Release|Any CPU.ActiveCfg = Release|Any CPU
		{4B60567D-A740-45A3-B40E-9D2B98890D96}.Release|Any CPU.Build.0 = Release|Any CPU
		{C3BE9AEA-1CFD-4BFF-A390-8B57C0EBDE85}.Debug|Any CPU.ActiveCfg = Debug|Any CPU
		{C3BE9AEA-1CFD-4BFF-A390-8B57C0EBDE85}.Debug|Any CPU.Build.0 = Debug|Any CPU
		{C3BE9AEA-1CFD-4BFF-A390-8B57C0EBDE85}.Release|Any CPU.ActiveCfg = Release|Any CPU
		{C3BE9AEA-1CFD-4BFF-A390-8B57C0EBDE85}.Release|Any CPU.Build.0 = Release|Any CPU
		{090EF946-3463-49B9-BE39-A1A5FA68966E}.Debug|Any CPU.ActiveCfg = Debug|Any CPU
		{090EF946-3463-49B9-BE39-A1A5FA68966E}.Debug|Any CPU.Build.0 = Debug|Any CPU
		{090EF946-3463-49B9-BE39-A1A5FA68966E}.Release|Any CPU.ActiveCfg = Release|Any CPU
		{090EF946-3463-49B9-BE39-A1A5FA68966E}.Release|Any CPU.Build.0 = Release|Any CPU
		{AED394F5-AF1C-4FC4-8A59-71A3BE8FB67A}.Debug|Any CPU.ActiveCfg = Debug|Any CPU
		{AED394F5-AF1C-4FC4-8A59-71A3BE8FB67A}.Debug|Any CPU.Build.0 = Debug|Any CPU
		{AED394F5-AF1C-4FC4-8A59-71A3BE8FB67A}.Release|Any CPU.ActiveCfg = Release|Any CPU
		{AED394F5-AF1C-4FC4-8A59-71A3BE8FB67A}.Release|Any CPU.Build.0 = Release|Any CPU
		{ADC077F9-638F-49CC-AB8D-4AA7D94B1664}.Debug|Any CPU.ActiveCfg = Debug|Any CPU
		{ADC077F9-638F-49CC-AB8D-4AA7D94B1664}.Debug|Any CPU.Build.0 = Debug|Any CPU
		{ADC077F9-638F-49CC-AB8D-4AA7D94B1664}.Release|Any CPU.ActiveCfg = Release|Any CPU
		{ADC077F9-638F-49CC-AB8D-4AA7D94B1664}.Release|Any CPU.Build.0 = Release|Any CPU
		{B4A2B18C-2ACE-4D76-BEDD-B8AA52198145}.Debug|Any CPU.ActiveCfg = Debug|Any CPU
		{B4A2B18C-2ACE-4D76-BEDD-B8AA52198145}.Debug|Any CPU.Build.0 = Debug|Any CPU
		{B4A2B18C-2ACE-4D76-BEDD-B8AA52198145}.Release|Any CPU.ActiveCfg = Release|Any CPU
		{B4A2B18C-2ACE-4D76-BEDD-B8AA52198145}.Release|Any CPU.Build.0 = Release|Any CPU
		{999658FD-D0B1-419E-B8FA-67761F4E2597}.Debug|Any CPU.ActiveCfg = Debug|Any CPU
		{999658FD-D0B1-419E-B8FA-67761F4E2597}.Debug|Any CPU.Build.0 = Debug|Any CPU
		{999658FD-D0B1-419E-B8FA-67761F4E2597}.Release|Any CPU.ActiveCfg = Release|Any CPU
		{999658FD-D0B1-419E-B8FA-67761F4E2597}.Release|Any CPU.Build.0 = Release|Any CPU
		{1FF0166F-83F3-496D-9508-4B134DCCE02E}.Debug|Any CPU.ActiveCfg = Debug|Any CPU
		{1FF0166F-83F3-496D-9508-4B134DCCE02E}.Debug|Any CPU.Build.0 = Debug|Any CPU
		{1FF0166F-83F3-496D-9508-4B134DCCE02E}.Release|Any CPU.ActiveCfg = Release|Any CPU
		{1FF0166F-83F3-496D-9508-4B134DCCE02E}.Release|Any CPU.Build.0 = Release|Any CPU
		{001E14C4-723E-4D18-BBC9-3EB8A598E524}.Debug|Any CPU.ActiveCfg = Debug|Any CPU
		{001E14C4-723E-4D18-BBC9-3EB8A598E524}.Debug|Any CPU.Build.0 = Debug|Any CPU
		{001E14C4-723E-4D18-BBC9-3EB8A598E524}.Release|Any CPU.ActiveCfg = Release|Any CPU
		{001E14C4-723E-4D18-BBC9-3EB8A598E524}.Release|Any CPU.Build.0 = Release|Any CPU
		{946DFBFB-9D61-4FA7-B4F0-220CE04951C5}.Debug|Any CPU.ActiveCfg = Debug|Any CPU
		{946DFBFB-9D61-4FA7-B4F0-220CE04951C5}.Debug|Any CPU.Build.0 = Debug|Any CPU
		{946DFBFB-9D61-4FA7-B4F0-220CE04951C5}.Release|Any CPU.ActiveCfg = Release|Any CPU
		{946DFBFB-9D61-4FA7-B4F0-220CE04951C5}.Release|Any CPU.Build.0 = Release|Any CPU
	EndGlobalSection
	GlobalSection(SolutionProperties) = preSolution
		HideSolutionNode = FALSE
	EndGlobalSection
	GlobalSection(NestedProjects) = preSolution
		{3245A301-F316-4DE9-80DE-4C776361BCFB} = {43915C1C-D5CA-45EE-B933-D9FA0DA9DE79}
		{D961050C-D85F-4701-A0EC-AC037EE20E0A} = {43915C1C-D5CA-45EE-B933-D9FA0DA9DE79}
		{C3BE9AEA-1CFD-4BFF-A390-8B57C0EBDE85} = {3245A301-F316-4DE9-80DE-4C776361BCFB}
		{090EF946-3463-49B9-BE39-A1A5FA68966E} = {D961050C-D85F-4701-A0EC-AC037EE20E0A}
		{D61A5222-F854-4D80-9493-CC2D24C9F6FA} = {11B8BBD5-1C35-4CFF-87B7-19BD669659D8}
		{F281F3A0-9779-40FD-A537-CD1F2337E4A9} = {11B8BBD5-1C35-4CFF-87B7-19BD669659D8}
		{72162A71-58ED-4086-9075-A8DE28207763} = {ADC0A4CA-F980-4053-B39A-E7F585724B63}
		{E6D463FA-DA59-4A39-9C01-329E4DA2F819} = {ADC0A4CA-F980-4053-B39A-E7F585724B63}
		{36C8D314-F440-4A0A-B31B-C8310B891F87} = {FDACF1BE-F240-4449-9CB4-1E68093B275D}
		{7B487D82-FC92-43F5-A8A3-2DE57CCF8BD1} = {FDACF1BE-F240-4449-9CB4-1E68093B275D}
		{0C80936E-B0F4-43AB-B166-5FB6BA56455D} = {FDACF1BE-F240-4449-9CB4-1E68093B275D}
		{AED394F5-AF1C-4FC4-8A59-71A3BE8FB67A} = {D61A5222-F854-4D80-9493-CC2D24C9F6FA}
		{ADC077F9-638F-49CC-AB8D-4AA7D94B1664} = {F281F3A0-9779-40FD-A537-CD1F2337E4A9}
		{B4A2B18C-2ACE-4D76-BEDD-B8AA52198145} = {72162A71-58ED-4086-9075-A8DE28207763}
		{999658FD-D0B1-419E-B8FA-67761F4E2597} = {E6D463FA-DA59-4A39-9C01-329E4DA2F819}
		{1FF0166F-83F3-496D-9508-4B134DCCE02E} = {36C8D314-F440-4A0A-B31B-C8310B891F87}
		{001E14C4-723E-4D18-BBC9-3EB8A598E524} = {7B487D82-FC92-43F5-A8A3-2DE57CCF8BD1}
		{946DFBFB-9D61-4FA7-B4F0-220CE04951C5} = {0C80936E-B0F4-43AB-B166-5FB6BA56455D}
	EndGlobalSection
	GlobalSection(ExtensibilityGlobals) = postSolution
		SolutionGuid = {0522D4F5-1D17-44F9-8A9C-8770517966C0}
	EndGlobalSection
EndGlobal
